// !$*UTF8*$!
{
	archiveVersion = 1;
	classes = {
	};
	objectVersion = 46;
	objects = {

/* Begin PBXBuildFile section */
		20A1FD781B83268D00944C68 /* main.m in Sources */ = {isa = PBXBuildFile; fileRef = 20A1FD771B83268D00944C68 /* main.m */; };
		20A1FD7B1B83268D00944C68 /* AppDelegate.m in Sources */ = {isa = PBXBuildFile; fileRef = 20A1FD7A1B83268D00944C68 /* AppDelegate.m */; };
		20A1FD811B83268D00944C68 /* Main.storyboard in Resources */ = {isa = PBXBuildFile; fileRef = 20A1FD7F1B83268D00944C68 /* Main.storyboard */; };
		20A1FD831B83268D00944C68 /* Images.xcassets in Resources */ = {isa = PBXBuildFile; fileRef = 20A1FD821B83268D00944C68 /* Images.xcassets */; };
		20A1FD861B83268D00944C68 /* LaunchScreen.xib in Resources */ = {isa = PBXBuildFile; fileRef = 20A1FD841B83268D00944C68 /* LaunchScreen.xib */; };
		20A1FD921B83268D00944C68 /* BHBaseTests.m in Sources */ = {isa = PBXBuildFile; fileRef = 20A1FD911B83268D00944C68 /* BHBaseTests.m */; };
		20A1FD9F1B84211600944C68 /* BHTestBaseObject.m in Sources */ = {isa = PBXBuildFile; fileRef = 20A1FD9E1B84211600944C68 /* BHTestBaseObject.m */; };
		DA61A4DF1B84150F003E84CF /* AFNetworkActivityIndicatorManager.m in Sources */ = {isa = PBXBuildFile; fileRef = DA61A4CE1B84150F003E84CF /* AFNetworkActivityIndicatorManager.m */; };
		DA61A4E01B84150F003E84CF /* UIActivityIndicatorView+AFNetworking.m in Sources */ = {isa = PBXBuildFile; fileRef = DA61A4D01B84150F003E84CF /* UIActivityIndicatorView+AFNetworking.m */; };
		DA61A4E11B84150F003E84CF /* UIAlertView+AFNetworking.m in Sources */ = {isa = PBXBuildFile; fileRef = DA61A4D21B84150F003E84CF /* UIAlertView+AFNetworking.m */; };
		DA61A4E21B84150F003E84CF /* UIButton+AFNetworking.m in Sources */ = {isa = PBXBuildFile; fileRef = DA61A4D41B84150F003E84CF /* UIButton+AFNetworking.m */; };
		DA61A4E31B84150F003E84CF /* UIImageView+AFNetworking.m in Sources */ = {isa = PBXBuildFile; fileRef = DA61A4D71B84150F003E84CF /* UIImageView+AFNetworking.m */; };
		DA61A4E41B84150F003E84CF /* UIProgressView+AFNetworking.m in Sources */ = {isa = PBXBuildFile; fileRef = DA61A4DA1B84150F003E84CF /* UIProgressView+AFNetworking.m */; };
		DA61A4E51B84150F003E84CF /* UIRefreshControl+AFNetworking.m in Sources */ = {isa = PBXBuildFile; fileRef = DA61A4DC1B84150F003E84CF /* UIRefreshControl+AFNetworking.m */; };
		DA61A4E61B84150F003E84CF /* UIWebView+AFNetworking.m in Sources */ = {isa = PBXBuildFile; fileRef = DA61A4DE1B84150F003E84CF /* UIWebView+AFNetworking.m */; };
		DA61A4F31B8416C9003E84CF /* AFHTTPRequestOperation.m in Sources */ = {isa = PBXBuildFile; fileRef = DA61A4EE1B8416C9003E84CF /* AFHTTPRequestOperation.m */; };
		DA61A4F41B8416C9003E84CF /* AFHTTPRequestOperationManager.m in Sources */ = {isa = PBXBuildFile; fileRef = DA61A4F01B8416C9003E84CF /* AFHTTPRequestOperationManager.m */; };
		DA61A4F51B8416C9003E84CF /* AFURLConnectionOperation.m in Sources */ = {isa = PBXBuildFile; fileRef = DA61A4F21B8416C9003E84CF /* AFURLConnectionOperation.m */; };
		DA61A4FA1B841728003E84CF /* AFHTTPSessionManager.m in Sources */ = {isa = PBXBuildFile; fileRef = DA61A4F71B841728003E84CF /* AFHTTPSessionManager.m */; };
		DA61A4FB1B841728003E84CF /* AFURLSessionManager.m in Sources */ = {isa = PBXBuildFile; fileRef = DA61A4F91B841728003E84CF /* AFURLSessionManager.m */; };
		DA61A4FE1B84174D003E84CF /* AFNetworkReachabilityManager.m in Sources */ = {isa = PBXBuildFile; fileRef = DA61A4FD1B84174D003E84CF /* AFNetworkReachabilityManager.m */; };
		DA61A5011B841776003E84CF /* AFSecurityPolicy.m in Sources */ = {isa = PBXBuildFile; fileRef = DA61A5001B841776003E84CF /* AFSecurityPolicy.m */; };
		DA61A50C1B841841003E84CF /* AFURLRequestSerialization.m in Sources */ = {isa = PBXBuildFile; fileRef = DA61A5091B841841003E84CF /* AFURLRequestSerialization.m */; };
		DA61A50D1B841841003E84CF /* AFURLResponseSerialization.m in Sources */ = {isa = PBXBuildFile; fileRef = DA61A50B1B841841003E84CF /* AFURLResponseSerialization.m */; };
		DA62DC591B832F9600A7E30E /* ViewController.m in Sources */ = {isa = PBXBuildFile; fileRef = DA62DC581B832F9600A7E30E /* ViewController.m */; };
/* End PBXBuildFile section */

/* Begin PBXContainerItemProxy section */
		20A1FD8C1B83268D00944C68 /* PBXContainerItemProxy */ = {
			isa = PBXContainerItemProxy;
			containerPortal = 20A1FD6A1B83268D00944C68 /* Project object */;
			proxyType = 1;
			remoteGlobalIDString = 20A1FD711B83268D00944C68;
			remoteInfo = BHBase;
		};
/* End PBXContainerItemProxy section */

/* Begin PBXFileReference section */
		20A1FD721B83268D00944C68 /* BHBase.app */ = {isa = PBXFileReference; explicitFileType = wrapper.application; includeInIndex = 0; path = BHBase.app; sourceTree = BUILT_PRODUCTS_DIR; };
		20A1FD761B83268D00944C68 /* Info.plist */ = {isa = PBXFileReference; lastKnownFileType = text.plist.xml; path = Info.plist; sourceTree = "<group>"; };
		20A1FD771B83268D00944C68 /* main.m */ = {isa = PBXFileReference; lastKnownFileType = sourcecode.c.objc; path = main.m; sourceTree = "<group>"; };
		20A1FD791B83268D00944C68 /* AppDelegate.h */ = {isa = PBXFileReference; lastKnownFileType = sourcecode.c.h; path = AppDelegate.h; sourceTree = "<group>"; };
		20A1FD7A1B83268D00944C68 /* AppDelegate.m */ = {isa = PBXFileReference; lastKnownFileType = sourcecode.c.objc; path = AppDelegate.m; sourceTree = "<group>"; };
		20A1FD801B83268D00944C68 /* Base */ = {isa = PBXFileReference; lastKnownFileType = file.storyboard; name = Base; path = Base.lproj/Main.storyboard; sourceTree = "<group>"; };
		20A1FD821B83268D00944C68 /* Images.xcassets */ = {isa = PBXFileReference; lastKnownFileType = folder.assetcatalog; name = Images.xcassets; path = ../../Images.xcassets; sourceTree = "<group>"; };
		20A1FD851B83268D00944C68 /* Base */ = {isa = PBXFileReference; lastKnownFileType = file.xib; name = Base; path = Base.lproj/LaunchScreen.xib; sourceTree = "<group>"; };
		20A1FD8B1B83268D00944C68 /* BHBaseTests.xctest */ = {isa = PBXFileReference; explicitFileType = wrapper.cfbundle; includeInIndex = 0; path = BHBaseTests.xctest; sourceTree = BUILT_PRODUCTS_DIR; };
		20A1FD901B83268D00944C68 /* Info.plist */ = {isa = PBXFileReference; lastKnownFileType = text.plist.xml; path = Info.plist; sourceTree = "<group>"; };
		20A1FD911B83268D00944C68 /* BHBaseTests.m */ = {isa = PBXFileReference; lastKnownFileType = sourcecode.c.objc; path = BHBaseTests.m; sourceTree = "<group>"; };
		20A1FD9D1B84211600944C68 /* BHTestBaseObject.h */ = {isa = PBXFileReference; fileEncoding = 4; lastKnownFileType = sourcecode.c.h; path = BHTestBaseObject.h; sourceTree = "<group>"; };
		20A1FD9E1B84211600944C68 /* BHTestBaseObject.m */ = {isa = PBXFileReference; fileEncoding = 4; lastKnownFileType = sourcecode.c.objc; path = BHTestBaseObject.m; sourceTree = "<group>"; };
		DA61A4B61B8414EA003E84CF /* AFNetworking.h */ = {isa = PBXFileReference; fileEncoding = 4; lastKnownFileType = sourcecode.c.h; path = AFNetworking.h; sourceTree = "<group>"; };
		DA61A4CD1B84150F003E84CF /* AFNetworkActivityIndicatorManager.h */ = {isa = PBXFileReference; fileEncoding = 4; lastKnownFileType = sourcecode.c.h; path = AFNetworkActivityIndicatorManager.h; sourceTree = "<group>"; };
		DA61A4CE1B84150F003E84CF /* AFNetworkActivityIndicatorManager.m */ = {isa = PBXFileReference; fileEncoding = 4; lastKnownFileType = sourcecode.c.objc; path = AFNetworkActivityIndicatorManager.m; sourceTree = "<group>"; };
		DA61A4CF1B84150F003E84CF /* UIActivityIndicatorView+AFNetworking.h */ = {isa = PBXFileReference; fileEncoding = 4; lastKnownFileType = sourcecode.c.h; path = "UIActivityIndicatorView+AFNetworking.h"; sourceTree = "<group>"; };
		DA61A4D01B84150F003E84CF /* UIActivityIndicatorView+AFNetworking.m */ = {isa = PBXFileReference; fileEncoding = 4; lastKnownFileType = sourcecode.c.objc; path = "UIActivityIndicatorView+AFNetworking.m"; sourceTree = "<group>"; };
		DA61A4D11B84150F003E84CF /* UIAlertView+AFNetworking.h */ = {isa = PBXFileReference; fileEncoding = 4; lastKnownFileType = sourcecode.c.h; path = "UIAlertView+AFNetworking.h"; sourceTree = "<group>"; };
		DA61A4D21B84150F003E84CF /* UIAlertView+AFNetworking.m */ = {isa = PBXFileReference; fileEncoding = 4; lastKnownFileType = sourcecode.c.objc; path = "UIAlertView+AFNetworking.m"; sourceTree = "<group>"; };
		DA61A4D31B84150F003E84CF /* UIButton+AFNetworking.h */ = {isa = PBXFileReference; fileEncoding = 4; lastKnownFileType = sourcecode.c.h; path = "UIButton+AFNetworking.h"; sourceTree = "<group>"; };
		DA61A4D41B84150F003E84CF /* UIButton+AFNetworking.m */ = {isa = PBXFileReference; fileEncoding = 4; lastKnownFileType = sourcecode.c.objc; path = "UIButton+AFNetworking.m"; sourceTree = "<group>"; };
		DA61A4D51B84150F003E84CF /* UIImage+AFNetworking.h */ = {isa = PBXFileReference; fileEncoding = 4; lastKnownFileType = sourcecode.c.h; path = "UIImage+AFNetworking.h"; sourceTree = "<group>"; };
		DA61A4D61B84150F003E84CF /* UIImageView+AFNetworking.h */ = {isa = PBXFileReference; fileEncoding = 4; lastKnownFileType = sourcecode.c.h; path = "UIImageView+AFNetworking.h"; sourceTree = "<group>"; };
		DA61A4D71B84150F003E84CF /* UIImageView+AFNetworking.m */ = {isa = PBXFileReference; fileEncoding = 4; lastKnownFileType = sourcecode.c.objc; path = "UIImageView+AFNetworking.m"; sourceTree = "<group>"; };
		DA61A4D81B84150F003E84CF /* UIKit+AFNetworking.h */ = {isa = PBXFileReference; fileEncoding = 4; lastKnownFileType = sourcecode.c.h; path = "UIKit+AFNetworking.h"; sourceTree = "<group>"; };
		DA61A4D91B84150F003E84CF /* UIProgressView+AFNetworking.h */ = {isa = PBXFileReference; fileEncoding = 4; lastKnownFileType = sourcecode.c.h; path = "UIProgressView+AFNetworking.h"; sourceTree = "<group>"; };
		DA61A4DA1B84150F003E84CF /* UIProgressView+AFNetworking.m */ = {isa = PBXFileReference; fileEncoding = 4; lastKnownFileType = sourcecode.c.objc; path = "UIProgressView+AFNetworking.m"; sourceTree = "<group>"; };
		DA61A4DB1B84150F003E84CF /* UIRefreshControl+AFNetworking.h */ = {isa = PBXFileReference; fileEncoding = 4; lastKnownFileType = sourcecode.c.h; path = "UIRefreshControl+AFNetworking.h"; sourceTree = "<group>"; };
		DA61A4DC1B84150F003E84CF /* UIRefreshControl+AFNetworking.m */ = {isa = PBXFileReference; fileEncoding = 4; lastKnownFileType = sourcecode.c.objc; path = "UIRefreshControl+AFNetworking.m"; sourceTree = "<group>"; };
		DA61A4DD1B84150F003E84CF /* UIWebView+AFNetworking.h */ = {isa = PBXFileReference; fileEncoding = 4; lastKnownFileType = sourcecode.c.h; path = "UIWebView+AFNetworking.h"; sourceTree = "<group>"; };
		DA61A4DE1B84150F003E84CF /* UIWebView+AFNetworking.m */ = {isa = PBXFileReference; fileEncoding = 4; lastKnownFileType = sourcecode.c.objc; path = "UIWebView+AFNetworking.m"; sourceTree = "<group>"; };
		DA61A4ED1B8416C9003E84CF /* AFHTTPRequestOperation.h */ = {isa = PBXFileReference; fileEncoding = 4; lastKnownFileType = sourcecode.c.h; path = AFHTTPRequestOperation.h; sourceTree = "<group>"; };
		DA61A4EE1B8416C9003E84CF /* AFHTTPRequestOperation.m */ = {isa = PBXFileReference; fileEncoding = 4; lastKnownFileType = sourcecode.c.objc; path = AFHTTPRequestOperation.m; sourceTree = "<group>"; };
		DA61A4EF1B8416C9003E84CF /* AFHTTPRequestOperationManager.h */ = {isa = PBXFileReference; fileEncoding = 4; lastKnownFileType = sourcecode.c.h; path = AFHTTPRequestOperationManager.h; sourceTree = "<group>"; };
		DA61A4F01B8416C9003E84CF /* AFHTTPRequestOperationManager.m */ = {isa = PBXFileReference; fileEncoding = 4; lastKnownFileType = sourcecode.c.objc; path = AFHTTPRequestOperationManager.m; sourceTree = "<group>"; };
		DA61A4F11B8416C9003E84CF /* AFURLConnectionOperation.h */ = {isa = PBXFileReference; fileEncoding = 4; lastKnownFileType = sourcecode.c.h; path = AFURLConnectionOperation.h; sourceTree = "<group>"; };
		DA61A4F21B8416C9003E84CF /* AFURLConnectionOperation.m */ = {isa = PBXFileReference; fileEncoding = 4; lastKnownFileType = sourcecode.c.objc; path = AFURLConnectionOperation.m; sourceTree = "<group>"; };
		DA61A4F61B841728003E84CF /* AFHTTPSessionManager.h */ = {isa = PBXFileReference; fileEncoding = 4; lastKnownFileType = sourcecode.c.h; path = AFHTTPSessionManager.h; sourceTree = "<group>"; };
		DA61A4F71B841728003E84CF /* AFHTTPSessionManager.m */ = {isa = PBXFileReference; fileEncoding = 4; lastKnownFileType = sourcecode.c.objc; path = AFHTTPSessionManager.m; sourceTree = "<group>"; };
		DA61A4F81B841728003E84CF /* AFURLSessionManager.h */ = {isa = PBXFileReference; fileEncoding = 4; lastKnownFileType = sourcecode.c.h; path = AFURLSessionManager.h; sourceTree = "<group>"; };
		DA61A4F91B841728003E84CF /* AFURLSessionManager.m */ = {isa = PBXFileReference; fileEncoding = 4; lastKnownFileType = sourcecode.c.objc; path = AFURLSessionManager.m; sourceTree = "<group>"; };
		DA61A4FC1B84174D003E84CF /* AFNetworkReachabilityManager.h */ = {isa = PBXFileReference; fileEncoding = 4; lastKnownFileType = sourcecode.c.h; path = AFNetworkReachabilityManager.h; sourceTree = "<group>"; };
		DA61A4FD1B84174D003E84CF /* AFNetworkReachabilityManager.m */ = {isa = PBXFileReference; fileEncoding = 4; lastKnownFileType = sourcecode.c.objc; path = AFNetworkReachabilityManager.m; sourceTree = "<group>"; };
		DA61A4FF1B841776003E84CF /* AFSecurityPolicy.h */ = {isa = PBXFileReference; fileEncoding = 4; lastKnownFileType = sourcecode.c.h; path = AFSecurityPolicy.h; sourceTree = "<group>"; };
		DA61A5001B841776003E84CF /* AFSecurityPolicy.m */ = {isa = PBXFileReference; fileEncoding = 4; lastKnownFileType = sourcecode.c.objc; path = AFSecurityPolicy.m; sourceTree = "<group>"; };
		DA61A5081B841841003E84CF /* AFURLRequestSerialization.h */ = {isa = PBXFileReference; fileEncoding = 4; lastKnownFileType = sourcecode.c.h; path = AFURLRequestSerialization.h; sourceTree = "<group>"; };
		DA61A5091B841841003E84CF /* AFURLRequestSerialization.m */ = {isa = PBXFileReference; fileEncoding = 4; lastKnownFileType = sourcecode.c.objc; path = AFURLRequestSerialization.m; sourceTree = "<group>"; };
		DA61A50A1B841841003E84CF /* AFURLResponseSerialization.h */ = {isa = PBXFileReference; fileEncoding = 4; lastKnownFileType = sourcecode.c.h; path = AFURLResponseSerialization.h; sourceTree = "<group>"; };
		DA61A50B1B841841003E84CF /* AFURLResponseSerialization.m */ = {isa = PBXFileReference; fileEncoding = 4; lastKnownFileType = sourcecode.c.objc; path = AFURLResponseSerialization.m; sourceTree = "<group>"; };
		DA62DC571B832F9600A7E30E /* ViewController.h */ = {isa = PBXFileReference; fileEncoding = 4; lastKnownFileType = sourcecode.c.h; path = ViewController.h; sourceTree = "<group>"; };
		DA62DC581B832F9600A7E30E /* ViewController.m */ = {isa = PBXFileReference; fileEncoding = 4; lastKnownFileType = sourcecode.c.objc; path = ViewController.m; sourceTree = "<group>"; };
/* End PBXFileReference section */

/* Begin PBXFrameworksBuildPhase section */
		20A1FD6F1B83268D00944C68 /* Frameworks */ = {
			isa = PBXFrameworksBuildPhase;
			buildActionMask = 2147483647;
			files = (
			);
			runOnlyForDeploymentPostprocessing = 0;
		};
		20A1FD881B83268D00944C68 /* Frameworks */ = {
			isa = PBXFrameworksBuildPhase;
			buildActionMask = 2147483647;
			files = (
			);
			runOnlyForDeploymentPostprocessing = 0;
		};
/* End PBXFrameworksBuildPhase section */

/* Begin PBXGroup section */
		20A1FD691B83268D00944C68 = {
			isa = PBXGroup;
			children = (
				20A1FD741B83268D00944C68 /* BHBase */,
				20A1FD8E1B83268D00944C68 /* BHBaseTests */,
				20A1FD731B83268D00944C68 /* Products */,
			);
			sourceTree = "<group>";
		};
		20A1FD731B83268D00944C68 /* Products */ = {
			isa = PBXGroup;
			children = (
				20A1FD721B83268D00944C68 /* BHBase.app */,
				20A1FD8B1B83268D00944C68 /* BHBaseTests.xctest */,
			);
			name = Products;
			sourceTree = "<group>";
		};
		20A1FD741B83268D00944C68 /* BHBase */ = {
			isa = PBXGroup;
			children = (
				20A1FD9C1B841DFF00944C68 /* Test */,
				20A1FD791B83268D00944C68 /* AppDelegate.h */,
				20A1FD7A1B83268D00944C68 /* AppDelegate.m */,
				DA62DC561B832E0C00A7E30E /* Tool */,
				DA62DC531B832CCF00A7E30E /* Resource */,
				DA62DC521B832CB100A7E30E /* Lib */,
				DA62DC511B832C7F00A7E30E /* Controller */,
				DA62DC501B832C6F00A7E30E /* Model */,
				DA62DC4F1B832C6100A7E30E /* View */,
				20A1FD751B83268D00944C68 /* Supporting Files */,
			);
			path = BHBase;
			sourceTree = "<group>";
		};
		20A1FD751B83268D00944C68 /* Supporting Files */ = {
			isa = PBXGroup;
			children = (
				20A1FD761B83268D00944C68 /* Info.plist */,
				20A1FD771B83268D00944C68 /* main.m */,
			);
			name = "Supporting Files";
			sourceTree = "<group>";
		};
		20A1FD8E1B83268D00944C68 /* BHBaseTests */ = {
			isa = PBXGroup;
			children = (
				20A1FD911B83268D00944C68 /* BHBaseTests.m */,
				20A1FD8F1B83268D00944C68 /* Supporting Files */,
			);
			path = BHBaseTests;
			sourceTree = "<group>";
		};
		20A1FD8F1B83268D00944C68 /* Supporting Files */ = {
			isa = PBXGroup;
			children = (
				20A1FD901B83268D00944C68 /* Info.plist */,
			);
			name = "Supporting Files";
			sourceTree = "<group>";
		};
		20A1FD9C1B841DFF00944C68 /* Test */ = {
			isa = PBXGroup;
			children = (
				20A1FD9D1B84211600944C68 /* BHTestBaseObject.h */,
				20A1FD9E1B84211600944C68 /* BHTestBaseObject.m */,
			);
			path = Test;
			sourceTree = "<group>";
		};
		DA61A4AF1B841494003E84CF /* AFNetworking */ = {
			isa = PBXGroup;
			children = (
				DA61A4B61B8414EA003E84CF /* AFNetworking.h */,
				DA61A4E91B84158B003E84CF /* Serialization */,
				DA61A4E81B841577003E84CF /* NSURLSession */,
				DA61A4E71B841563003E84CF /* NSURLConnection */,
			);
			path = AFNetworking;
			sourceTree = "<group>";
		};
		DA61A4CC1B84150F003E84CF /* UIKit+AFNetworking */ = {
			isa = PBXGroup;
			children = (
				DA61A4CD1B84150F003E84CF /* AFNetworkActivityIndicatorManager.h */,
				DA61A4CE1B84150F003E84CF /* AFNetworkActivityIndicatorManager.m */,
				DA61A4CF1B84150F003E84CF /* UIActivityIndicatorView+AFNetworking.h */,
				DA61A4D01B84150F003E84CF /* UIActivityIndicatorView+AFNetworking.m */,
				DA61A4D11B84150F003E84CF /* UIAlertView+AFNetworking.h */,
				DA61A4D21B84150F003E84CF /* UIAlertView+AFNetworking.m */,
				DA61A4D31B84150F003E84CF /* UIButton+AFNetworking.h */,
				DA61A4D41B84150F003E84CF /* UIButton+AFNetworking.m */,
				DA61A4D51B84150F003E84CF /* UIImage+AFNetworking.h */,
				DA61A4D61B84150F003E84CF /* UIImageView+AFNetworking.h */,
				DA61A4D71B84150F003E84CF /* UIImageView+AFNetworking.m */,
				DA61A4D81B84150F003E84CF /* UIKit+AFNetworking.h */,
				DA61A4D91B84150F003E84CF /* UIProgressView+AFNetworking.h */,
				DA61A4DA1B84150F003E84CF /* UIProgressView+AFNetworking.m */,
				DA61A4DB1B84150F003E84CF /* UIRefreshControl+AFNetworking.h */,
				DA61A4DC1B84150F003E84CF /* UIRefreshControl+AFNetworking.m */,
				DA61A4DD1B84150F003E84CF /* UIWebView+AFNetworking.h */,
				DA61A4DE1B84150F003E84CF /* UIWebView+AFNetworking.m */,
			);
			path = "UIKit+AFNetworking";
			sourceTree = "<group>";
		};
		DA61A4E71B841563003E84CF /* NSURLConnection */ = {
			isa = PBXGroup;
			children = (
				DA61A4ED1B8416C9003E84CF /* AFHTTPRequestOperation.h */,
				DA61A4EE1B8416C9003E84CF /* AFHTTPRequestOperation.m */,
				DA61A4EF1B8416C9003E84CF /* AFHTTPRequestOperationManager.h */,
				DA61A4F01B8416C9003E84CF /* AFHTTPRequestOperationManager.m */,
				DA61A4F11B8416C9003E84CF /* AFURLConnectionOperation.h */,
				DA61A4F21B8416C9003E84CF /* AFURLConnectionOperation.m */,
			);
			path = NSURLConnection;
			sourceTree = "<group>";
		};
		DA61A4E81B841577003E84CF /* NSURLSession */ = {
			isa = PBXGroup;
			children = (
				DA61A4F61B841728003E84CF /* AFHTTPSessionManager.h */,
				DA61A4F71B841728003E84CF /* AFHTTPSessionManager.m */,
				DA61A4F81B841728003E84CF /* AFURLSessionManager.h */,
				DA61A4F91B841728003E84CF /* AFURLSessionManager.m */,
			);
			path = NSURLSession;
			sourceTree = "<group>";
		};
		DA61A4E91B84158B003E84CF /* Serialization */ = {
			isa = PBXGroup;
			children = (
				DA61A5081B841841003E84CF /* AFURLRequestSerialization.h */,
				DA61A5091B841841003E84CF /* AFURLRequestSerialization.m */,
				DA61A50A1B841841003E84CF /* AFURLResponseSerialization.h */,
				DA61A50B1B841841003E84CF /* AFURLResponseSerialization.m */,
			);
			path = Serialization;
			sourceTree = "<group>";
		};
		DA61A4EB1B841645003E84CF /* Reachability */ = {
			isa = PBXGroup;
			children = (
				DA61A4FC1B84174D003E84CF /* AFNetworkReachabilityManager.h */,
				DA61A4FD1B84174D003E84CF /* AFNetworkReachabilityManager.m */,
			);
			path = Reachability;
			sourceTree = "<group>";
		};
		DA61A4EC1B841674003E84CF /* Security */ = {
			isa = PBXGroup;
			children = (
				DA61A4FF1B841776003E84CF /* AFSecurityPolicy.h */,
				DA61A5001B841776003E84CF /* AFSecurityPolicy.m */,
			);
			path = Security;
			sourceTree = "<group>";
		};
		DA62DC4F1B832C6100A7E30E /* View */ = {
			isa = PBXGroup;
			children = (
			);
			path = View;
			sourceTree = "<group>";
		};
		DA62DC501B832C6F00A7E30E /* Model */ = {
			isa = PBXGroup;
			children = (
			);
			path = Model;
			sourceTree = "<group>";
		};
		DA62DC511B832C7F00A7E30E /* Controller */ = {
			isa = PBXGroup;
			children = (
				DA62DC571B832F9600A7E30E /* ViewController.h */,
				DA62DC581B832F9600A7E30E /* ViewController.m */,
			);
			path = Controller;
			sourceTree = "<group>";
		};
		DA62DC521B832CB100A7E30E /* Lib */ = {
			isa = PBXGroup;
			children = (
				DA61A4EC1B841674003E84CF /* Security */,
				DA61A4EB1B841645003E84CF /* Reachability */,
				DA61A4CC1B84150F003E84CF /* UIKit+AFNetworking */,
				DA61A4AF1B841494003E84CF /* AFNetworking */,
			);
			path = Lib;
			sourceTree = "<group>";
		};
		DA62DC531B832CCF00A7E30E /* Resource */ = {
			isa = PBXGroup;
			children = (
				DA62DC551B832D1200A7E30E /* File */,
				DA62DC541B832CFC00A7E30E /* Image */,
			);
			path = Resource;
			sourceTree = "<group>";
		};
		DA62DC541B832CFC00A7E30E /* Image */ = {
			isa = PBXGroup;
			children = (
				20A1FD821B83268D00944C68 /* Images.xcassets */,
			);
			path = Image;
			sourceTree = "<group>";
		};
		DA62DC551B832D1200A7E30E /* File */ = {
			isa = PBXGroup;
			children = (
				20A1FD7F1B83268D00944C68 /* Main.storyboard */,
				20A1FD841B83268D00944C68 /* LaunchScreen.xib */,
			);
			path = File;
			sourceTree = "<group>";
		};
		DA62DC561B832E0C00A7E30E /* Tool */ = {
			isa = PBXGroup;
			children = (
			);
			path = Tool;
			sourceTree = "<group>";
		};
/* End PBXGroup section */

/* Begin PBXNativeTarget section */
		20A1FD711B83268D00944C68 /* BHBase */ = {
			isa = PBXNativeTarget;
			buildConfigurationList = 20A1FD951B83268D00944C68 /* Build configuration list for PBXNativeTarget "BHBase" */;
			buildPhases = (
				20A1FD6E1B83268D00944C68 /* Sources */,
				20A1FD6F1B83268D00944C68 /* Frameworks */,
				20A1FD701B83268D00944C68 /* Resources */,
			);
			buildRules = (
			);
			dependencies = (
			);
			name = BHBase;
			productName = BHBase;
			productReference = 20A1FD721B83268D00944C68 /* BHBase.app */;
			productType = "com.apple.product-type.application";
		};
		20A1FD8A1B83268D00944C68 /* BHBaseTests */ = {
			isa = PBXNativeTarget;
			buildConfigurationList = 20A1FD981B83268D00944C68 /* Build configuration list for PBXNativeTarget "BHBaseTests" */;
			buildPhases = (
				20A1FD871B83268D00944C68 /* Sources */,
				20A1FD881B83268D00944C68 /* Frameworks */,
				20A1FD891B83268D00944C68 /* Resources */,
			);
			buildRules = (
			);
			dependencies = (
				20A1FD8D1B83268D00944C68 /* PBXTargetDependency */,
			);
			name = BHBaseTests;
			productName = BHBaseTests;
			productReference = 20A1FD8B1B83268D00944C68 /* BHBaseTests.xctest */;
			productType = "com.apple.product-type.bundle.unit-test";
		};
/* End PBXNativeTarget section */

/* Begin PBXProject section */
		20A1FD6A1B83268D00944C68 /* Project object */ = {
			isa = PBXProject;
			attributes = {
				CLASSPREFIX = BH;
				LastUpgradeCheck = 0630;
				ORGANIZATIONNAME = iBinaryOrg;
				TargetAttributes = {
					20A1FD711B83268D00944C68 = {
						CreatedOnToolsVersion = 6.3.2;
					};
					20A1FD8A1B83268D00944C68 = {
						CreatedOnToolsVersion = 6.3.2;
						TestTargetID = 20A1FD711B83268D00944C68;
					};
				};
			};
			buildConfigurationList = 20A1FD6D1B83268D00944C68 /* Build configuration list for PBXProject "BHBase" */;
			compatibilityVersion = "Xcode 3.2";
			developmentRegion = English;
			hasScannedForEncodings = 0;
			knownRegions = (
				en,
				Base,
			);
			mainGroup = 20A1FD691B83268D00944C68;
			productRefGroup = 20A1FD731B83268D00944C68 /* Products */;
			projectDirPath = "";
			projectRoot = "";
			targets = (
				20A1FD711B83268D00944C68 /* BHBase */,
				20A1FD8A1B83268D00944C68 /* BHBaseTests */,
			);
		};
/* End PBXProject section */

/* Begin PBXResourcesBuildPhase section */
		20A1FD701B83268D00944C68 /* Resources */ = {
			isa = PBXResourcesBuildPhase;
			buildActionMask = 2147483647;
			files = (
				20A1FD811B83268D00944C68 /* Main.storyboard in Resources */,
				20A1FD861B83268D00944C68 /* LaunchScreen.xib in Resources */,
				20A1FD831B83268D00944C68 /* Images.xcassets in Resources */,
			);
			runOnlyForDeploymentPostprocessing = 0;
		};
		20A1FD891B83268D00944C68 /* Resources */ = {
			isa = PBXResourcesBuildPhase;
			buildActionMask = 2147483647;
			files = (
			);
			runOnlyForDeploymentPostprocessing = 0;
		};
/* End PBXResourcesBuildPhase section */

/* Begin PBXSourcesBuildPhase section */
		20A1FD6E1B83268D00944C68 /* Sources */ = {
			isa = PBXSourcesBuildPhase;
			buildActionMask = 2147483647;
			files = (
				DA61A4FB1B841728003E84CF /* AFURLSessionManager.m in Sources */,
				20A1FD9F1B84211600944C68 /* BHTestBaseObject.m in Sources */,
				DA61A4E31B84150F003E84CF /* UIImageView+AFNetworking.m in Sources */,
				DA62DC591B832F9600A7E30E /* ViewController.m in Sources */,
				DA61A4E41B84150F003E84CF /* UIProgressView+AFNetworking.m in Sources */,
				DA61A4F31B8416C9003E84CF /* AFHTTPRequestOperation.m in Sources */,
				DA61A5011B841776003E84CF /* AFSecurityPolicy.m in Sources */,
				DA61A4E21B84150F003E84CF /* UIButton+AFNetworking.m in Sources */,
				DA61A4E01B84150F003E84CF /* UIActivityIndicatorView+AFNetworking.m in Sources */,
				DA61A50D1B841841003E84CF /* AFURLResponseSerialization.m in Sources */,
				DA61A4E51B84150F003E84CF /* UIRefreshControl+AFNetworking.m in Sources */,
				DA61A4FE1B84174D003E84CF /* AFNetworkReachabilityManager.m in Sources */,
				DA61A4F51B8416C9003E84CF /* AFURLConnectionOperation.m in Sources */,
				DA61A4E61B84150F003E84CF /* UIWebView+AFNetworking.m in Sources */,
				DA61A4FA1B841728003E84CF /* AFHTTPSessionManager.m in Sources */,
				DA61A4E11B84150F003E84CF /* UIAlertView+AFNetworking.m in Sources */,
				DA61A4F41B8416C9003E84CF /* AFHTTPRequestOperationManager.m in Sources */,
				DA61A4DF1B84150F003E84CF /* AFNetworkActivityIndicatorManager.m in Sources */,
				DA61A50C1B841841003E84CF /* AFURLRequestSerialization.m in Sources */,
				20A1FD7B1B83268D00944C68 /* AppDelegate.m in Sources */,
				20A1FD781B83268D00944C68 /* main.m in Sources */,
			);
			runOnlyForDeploymentPostprocessing = 0;
		};
		20A1FD871B83268D00944C68 /* Sources */ = {
			isa = PBXSourcesBuildPhase;
			buildActionMask = 2147483647;
			files = (
				20A1FD921B83268D00944C68 /* BHBaseTests.m in Sources */,
			);
			runOnlyForDeploymentPostprocessing = 0;
		};
/* End PBXSourcesBuildPhase section */

/* Begin PBXTargetDependency section */
		20A1FD8D1B83268D00944C68 /* PBXTargetDependency */ = {
			isa = PBXTargetDependency;
			target = 20A1FD711B83268D00944C68 /* BHBase */;
			targetProxy = 20A1FD8C1B83268D00944C68 /* PBXContainerItemProxy */;
		};
/* End PBXTargetDependency section */

/* Begin PBXVariantGroup section */
		20A1FD7F1B83268D00944C68 /* Main.storyboard */ = {
			isa = PBXVariantGroup;
			children = (
				20A1FD801B83268D00944C68 /* Base */,
			);
			name = Main.storyboard;
			path = ../..;
			sourceTree = "<group>";
		};
		20A1FD841B83268D00944C68 /* LaunchScreen.xib */ = {
			isa = PBXVariantGroup;
			children = (
				20A1FD851B83268D00944C68 /* Base */,
			);
			name = LaunchScreen.xib;
			path = ../..;
			sourceTree = "<group>";
		};
/* End PBXVariantGroup section */

/* Begin XCBuildConfiguration section */
		20A1FD931B83268D00944C68 /* Debug */ = {
			isa = XCBuildConfiguration;
			buildSettings = {
				ALWAYS_SEARCH_USER_PATHS = NO;
				CLANG_CXX_LANGUAGE_STANDARD = "gnu++0x";
				CLANG_CXX_LIBRARY = "libc++";
				CLANG_ENABLE_MODULES = YES;
				CLANG_ENABLE_OBJC_ARC = YES;
				CLANG_WARN_BOOL_CONVERSION = YES;
				CLANG_WARN_CONSTANT_CONVERSION = YES;
				CLANG_WARN_DIRECT_OBJC_ISA_USAGE = YES_ERROR;
				CLANG_WARN_EMPTY_BODY = YES;
				CLANG_WARN_ENUM_CONVERSION = YES;
				CLANG_WARN_INT_CONVERSION = YES;
				CLANG_WARN_OBJC_ROOT_CLASS = YES_ERROR;
				CLANG_WARN_UNREACHABLE_CODE = YES;
				CLANG_WARN__DUPLICATE_METHOD_MATCH = YES;
				"CODE_SIGN_IDENTITY[sdk=iphoneos*]" = "iPhone Developer";
				COPY_PHASE_STRIP = NO;
				DEBUG_INFORMATION_FORMAT = "dwarf-with-dsym";
				ENABLE_STRICT_OBJC_MSGSEND = YES;
				GCC_C_LANGUAGE_STANDARD = gnu99;
				GCC_DYNAMIC_NO_PIC = NO;
				GCC_NO_COMMON_BLOCKS = YES;
				GCC_OPTIMIZATION_LEVEL = 0;
				GCC_PREPROCESSOR_DEFINITIONS = (
					"DEBUG=1",
					"$(inherited)",
				);
				GCC_SYMBOLS_PRIVATE_EXTERN = NO;
				GCC_WARN_64_TO_32_BIT_CONVERSION = YES;
				GCC_WARN_ABOUT_RETURN_TYPE = YES_ERROR;
				GCC_WARN_UNDECLARED_SELECTOR = YES;
				GCC_WARN_UNINITIALIZED_AUTOS = YES_AGGRESSIVE;
				GCC_WARN_UNUSED_FUNCTION = YES;
				GCC_WARN_UNUSED_VARIABLE = YES;
				IPHONEOS_DEPLOYMENT_TARGET = 7.0;
				MTL_ENABLE_DEBUG_INFO = YES;
				ONLY_ACTIVE_ARCH = YES;
				SDKROOT = iphoneos;
			};
			name = Debug;
		};
		20A1FD941B83268D00944C68 /* Release */ = {
			isa = XCBuildConfiguration;
			buildSettings = {
				ALWAYS_SEARCH_USER_PATHS = NO;
				CLANG_CXX_LANGUAGE_STANDARD = "gnu++0x";
				CLANG_CXX_LIBRARY = "libc++";
				CLANG_ENABLE_MODULES = YES;
				CLANG_ENABLE_OBJC_ARC = YES;
				CLANG_WARN_BOOL_CONVERSION = YES;
				CLANG_WARN_CONSTANT_CONVERSION = YES;
				CLANG_WARN_DIRECT_OBJC_ISA_USAGE = YES_ERROR;
				CLANG_WARN_EMPTY_BODY = YES;
				CLANG_WARN_ENUM_CONVERSION = YES;
				CLANG_WARN_INT_CONVERSION = YES;
				CLANG_WARN_OBJC_ROOT_CLASS = YES_ERROR;
				CLANG_WARN_UNREACHABLE_CODE = YES;
				CLANG_WARN__DUPLICATE_METHOD_MATCH = YES;
				"CODE_SIGN_IDENTITY[sdk=iphoneos*]" = "iPhone Developer";
				COPY_PHASE_STRIP = NO;
				DEBUG_INFORMATION_FORMAT = "dwarf-with-dsym";
				ENABLE_NS_ASSERTIONS = NO;
				ENABLE_STRICT_OBJC_MSGSEND = YES;
				GCC_C_LANGUAGE_STANDARD = gnu99;
				GCC_NO_COMMON_BLOCKS = YES;
				GCC_WARN_64_TO_32_BIT_CONVERSION = YES;
				GCC_WARN_ABOUT_RETURN_TYPE = YES_ERROR;
				GCC_WARN_UNDECLARED_SELECTOR = YES;
				GCC_WARN_UNINITIALIZED_AUTOS = YES_AGGRESSIVE;
				GCC_WARN_UNUSED_FUNCTION = YES;
				GCC_WARN_UNUSED_VARIABLE = YES;
				IPHONEOS_DEPLOYMENT_TARGET = 7.0;
				MTL_ENABLE_DEBUG_INFO = NO;
				SDKROOT = iphoneos;
				VALIDATE_PRODUCT = YES;
			};
			name = Release;
		};
		20A1FD961B83268D00944C68 /* Debug */ = {
			isa = XCBuildConfiguration;
			buildSettings = {
				ASSETCATALOG_COMPILER_APPICON_NAME = AppIcon;
				INFOPLIST_FILE = BHBase/Info.plist;
				IPHONEOS_DEPLOYMENT_TARGET = 7.0;
				LD_RUNPATH_SEARCH_PATHS = "$(inherited) @executable_path/Frameworks";
				PRODUCT_NAME = "$(TARGET_NAME)";
			};
			name = Debug;
		};
		20A1FD971B83268D00944C68 /* Release */ = {
			isa = XCBuildConfiguration;
			buildSettings = {
				ASSETCATALOG_COMPILER_APPICON_NAME = AppIcon;
				INFOPLIST_FILE = BHBase/Info.plist;
				IPHONEOS_DEPLOYMENT_TARGET = 7.0;
				LD_RUNPATH_SEARCH_PATHS = "$(inherited) @executable_path/Frameworks";
				PRODUCT_NAME = "$(TARGET_NAME)";
			};
			name = Release;
		};
		20A1FD991B83268D00944C68 /* Debug */ = {
			isa = XCBuildConfiguration;
			buildSettings = {
				BUNDLE_LOADER = "$(TEST_HOST)";
				FRAMEWORK_SEARCH_PATHS = (
					"$(SDKROOT)/Developer/Library/Frameworks",
					"$(inherited)",
				);
				GCC_PREPROCESSOR_DEFINITIONS = (
					"DEBUG=1",
					"$(inherited)",
				);
				INFOPLIST_FILE = BHBaseTests/Info.plist;
				LD_RUNPATH_SEARCH_PATHS = "$(inherited) @executable_path/Frameworks @loader_path/Frameworks";
				PRODUCT_NAME = "$(TARGET_NAME)";
				TEST_HOST = "$(BUILT_PRODUCTS_DIR)/BHBase.app/BHBase";
			};
			name = Debug;
		};
		20A1FD9A1B83268D00944C68 /* Release */ = {
			isa = XCBuildConfiguration;
			buildSettings = {
				BUNDLE_LOADER = "$(TEST_HOST)";
				FRAMEWORK_SEARCH_PATHS = (
					"$(SDKROOT)/Developer/Library/Frameworks",
					"$(inherited)",
				);
				INFOPLIST_FILE = BHBaseTests/Info.plist;
				LD_RUNPATH_SEARCH_PATHS = "$(inherited) @executable_path/Frameworks @loader_path/Frameworks";
				PRODUCT_NAME = "$(TARGET_NAME)";
				TEST_HOST = "$(BUILT_PRODUCTS_DIR)/BHBase.app/BHBase";
			};
			name = Release;
		};
/* End XCBuildConfiguration section */

/* Begin XCConfigurationList section */
		20A1FD6D1B83268D00944C68 /* Build configuration list for PBXProject "BHBase" */ = {
			isa = XCConfigurationList;
			buildConfigurations = (
				20A1FD931B83268D00944C68 /* Debug */,
				20A1FD941B83268D00944C68 /* Release */,
			);
			defaultConfigurationIsVisible = 0;
			defaultConfigurationName = Release;
		};
		20A1FD951B83268D00944C68 /* Build configuration list for PBXNativeTarget "BHBase" */ = {
			isa = XCConfigurationList;
			buildConfigurations = (
				20A1FD961B83268D00944C68 /* Debug */,
				20A1FD971B83268D00944C68 /* Release */,
			);
			defaultConfigurationIsVisible = 0;
			defaultConfigurationName = Release;
		};
		20A1FD981B83268D00944C68 /* Build configuration list for PBXNativeTarget "BHBaseTests" */ = {
			isa = XCConfigurationList;
			buildConfigurations = (
				20A1FD991B83268D00944C68 /* Debug */,
				20A1FD9A1B83268D00944C68 /* Release */,
			);
			defaultConfigurationIsVisible = 0;
			defaultConfigurationName = Release;
		};
/* End XCConfigurationList section */
	};
	rootObject = 20A1FD6A1B83268D00944C68 /* Project object */;
}
